<?xml version="1.0" encoding="utf-8"?>
<Project ToolsVersion="17.0" xmlns="http://schemas.microsoft.com/developer/msbuild/2003">
  <ItemGroup>
    <ClCompile Include="D:\10_DEV\GraphML_IO\native\surfer2\surf\src\cgaltools.cpp">
      <Filter>Source Files</Filter>
    </ClCompile>
    <ClCompile Include="D:\10_DEV\GraphML_IO\native\surfer2\surf\src\BGLGraph.cpp">
      <Filter>Source Files</Filter>
    </ClCompile>
    <ClCompile Include="D:\10_DEV\GraphML_IO\native\surfer2\surf\src\SkeletonDCEL.cpp">
      <Filter>Source Files</Filter>
    </ClCompile>
    <ClCompile Include="D:\10_DEV\GraphML_IO\native\surfer2\surf\src\SkeletonStructure.cpp">
      <Filter>Source Files</Filter>
    </ClCompile>
    <ClCompile Include="D:\10_DEV\GraphML_IO\native\surfer2\surf\src\BasicInput.cpp">
      <Filter>Source Files</Filter>
    </ClCompile>
    <ClCompile Include="D:\10_DEV\GraphML_IO\native\surfer2\surf\src\BasicTriangulation.cpp">
      <Filter>Source Files</Filter>
    </ClCompile>
    <ClCompile Include="D:\10_DEV\GraphML_IO\native\surfer2\surf\src\EventQueue.cpp">
      <Filter>Source Files</Filter>
    </ClCompile>
    <ClCompile Include="D:\10_DEV\GraphML_IO\native\surfer2\surf\src\KineticTriangulation.cpp">
      <Filter>Source Files</Filter>
    </ClCompile>
    <ClCompile Include="D:\10_DEV\GraphML_IO\native\surfer2\surf\src\KineticTriangle.cpp">
      <Filter>Source Files</Filter>
    </ClCompile>
    <ClCompile Include="D:\10_DEV\GraphML_IO\native\surfer2\surf\src\WavefrontEdge.cpp">
      <Filter>Source Files</Filter>
    </ClCompile>
    <ClCompile Include="D:\10_DEV\GraphML_IO\native\surfer2\surf\src\WavefrontVertex.cpp">
      <Filter>Source Files</Filter>
    </ClCompile>
    <ClCompile Include="D:\10_DEV\GraphML_IO\native\surfer2\surf\src\CollapseSpec.cpp">
      <Filter>Source Files</Filter>
    </ClCompile>
    <ClCompile Include="D:\10_DEV\GraphML_IO\native\surfer2\surf\src\tools.cpp">
      <Filter>Source Files</Filter>
    </ClCompile>
    <ClCompile Include="D:\10_DEV\GraphML_IO\native\surfer2\surf\src\surf.cpp">
      <Filter>Source Files</Filter>
    </ClCompile>
    <ClCompile Include="D:\10_DEV\GraphML_IO\native\surfer2\surf\src\surf_c_api.cpp">
      <Filter>Source Files</Filter>
    </ClCompile>
    <ClCompile Include="D:\10_DEV\GraphML_IO\native\surfer2\surf\easyloggingpp\src\easylogging++.cc">
      <Filter>Source Files</Filter>
    </ClCompile>
  </ItemGroup>
  <ItemGroup>
    <CustomBuild Include="D:\10_DEV\GraphML_IO\native\surfer2\surf\CMakeLists.txt" />
  </ItemGroup>
  <ItemGroup>
    <Natvis Include="C:\dev\vcpkg\installed\x64-windows\share\boost-1.90.0\assert\boost_assert.natvis" />
  </ItemGroup>
  <ItemGroup>
    <Filter Include="Source Files">
      <UniqueIdentifier>{AEA052A2-620D-3D1F-B8D8-3948EB388CD7}</UniqueIdentifier>
    </Filter>
  </ItemGroup>
</Project>
