<?xml version="1.0" encoding="utf-8"?>
<Project ToolsVersion="17.0" xmlns="http://schemas.microsoft.com/developer/msbuild/2003">
  <ItemGroup>
    <CustomBuild Include="D:\10_DEV\GraphML_IO\native\surfer2\build-win\CMakeFiles\8b1814ccb868eac9d7826395c60ddd4a\RUN_TESTS_force.rule">
      <Filter>CMake Rules</Filter>
    </CustomBuild>
  </ItemGroup>
  <ItemGroup>
    <Filter Include="CMake Rules">
      <UniqueIdentifier>{C68E84BB-CA33-349A-8EC4-DDBFF4E80B68}</UniqueIdentifier>
    </Filter>
  </ItemGroup>
</Project>
